
Microsoft Visual Studio Solution File, Format Version 12.00
# Visual Studio Version 17
VisualStudioVersion = 17.14.36603.0 d17.14
MinimumVisualStudioVersion = 10.0.40219.1
Project("{FAE04EC0-301F-11D3-BF4B-00C04F79EFBC}") = "SimuladorSO", "SimuladorSO\SimuladorSO.csproj", "{A6F81099-173C-4B11-AC49-C500EB1513C5}"
EndProject
Global
	GlobalSection(SolutionConfigurationPlatforms) = preSolution
		Debug|Any CPU = Debug|Any CPU
		Release|Any CPU = Release|Any CPU
	EndGlobalSection
	GlobalSection(ProjectConfigurationPlatforms) = postSolution
		{A6F81099-173C-4B11-AC49-C500EB1513C5}.Debug|Any CPU.ActiveCfg = Debug|Any CPU
		{A6F81099-173C-4B11-AC49-C500EB1513C5}.Debug|Any CPU.Build.0 = Debug|Any CPU
		{A6F81099-173C-4B11-AC49-C500EB1513C5}.Release|Any CPU.ActiveCfg = Release|Any CPU
		{A6F81099-173C-4B11-AC49-C500EB1513C5}.Release|Any CPU.Build.0 = Release|Any CPU
	EndGlobalSection
	GlobalSection(SolutionProperties) = preSolution
		HideSolutionNode = FALSE
	EndGlobalSection
	GlobalSection(ExtensibilityGlobals) = postSolution
		SolutionGuid = {271B86F4-F1A4-412E-A995-F377DD8EBAB8}
	EndGlobalSection
EndGlobal
